// !$*UTF8*$!
{
	archiveVersion = 1;
	classes = {
	};
	objectVersion = 46;
	objects = {

/* Begin PBXBuildFile section */
		00817A8C16B7D80F005E3B76 /* AuctionPopoverController.m in Sources */ = {isa = PBXBuildFile; fileRef = 00817A8A16B7D80F005E3B76 /* AuctionPopoverController.m */; };
		00817A8D16B7D80F005E3B76 /* AuctionPopoverController.xib in Resources */ = {isa = PBXBuildFile; fileRef = 00817A8B16B7D80F005E3B76 /* AuctionPopoverController.xib */; };
		0137CCC316E73465003CF8D9 /* CoverFlowView.m in Sources */ = {isa = PBXBuildFile; fileRef = 0137CCC216E73465003CF8D9 /* CoverFlowView.m */; };
		0137CCC516E734D0003CF8D9 /* MediaPlayer.framework in Frameworks */ = {isa = PBXBuildFile; fileRef = 0137CCC416E734D0003CF8D9 /* MediaPlayer.framework */; };
		0137CCC916E7357C003CF8D9 /* VideoListView.m in Sources */ = {isa = PBXBuildFile; fileRef = 0137CCC716E73579003CF8D9 /* VideoListView.m */; };
		0137CCCA16E7357C003CF8D9 /* VideoListView.xib in Resources */ = {isa = PBXBuildFile; fileRef = 0137CCC816E7357B003CF8D9 /* VideoListView.xib */; };
		0137CCCE16E735C6003CF8D9 /* VideoViewController.m in Sources */ = {isa = PBXBuildFile; fileRef = 0137CCCC16E735C6003CF8D9 /* VideoViewController.m */; };
		0137CCCF16E735C6003CF8D9 /* VideoViewController.xib in Resources */ = {isa = PBXBuildFile; fileRef = 0137CCCD16E735C6003CF8D9 /* VideoViewController.xib */; };
		0137CCF316E739B3003CF8D9 /* 29.jpg in Resources */ = {isa = PBXBuildFile; fileRef = 0137CCD516E739B3003CF8D9 /* 29.jpg */; };
		0137CCF416E739B3003CF8D9 /* 28.jpg in Resources */ = {isa = PBXBuildFile; fileRef = 0137CCD616E739B3003CF8D9 /* 28.jpg */; };
		0137CCF516E739B3003CF8D9 /* 27.jpg in Resources */ = {isa = PBXBuildFile; fileRef = 0137CCD716E739B3003CF8D9 /* 27.jpg */; };
		0137CCF616E739B3003CF8D9 /* 26.jpg in Resources */ = {isa = PBXBuildFile; fileRef = 0137CCD816E739B3003CF8D9 /* 26.jpg */; };
		0137CCF716E739B3003CF8D9 /* 25.jpg in Resources */ = {isa = PBXBuildFile; fileRef = 0137CCD916E739B3003CF8D9 /* 25.jpg */; };
		0137CCF816E739B3003CF8D9 /* 24.jpg in Resources */ = {isa = PBXBuildFile; fileRef = 0137CCDA16E739B3003CF8D9 /* 24.jpg */; };
		0137CCF916E739B3003CF8D9 /* 23.jpg in Resources */ = {isa = PBXBuildFile; fileRef = 0137CCDB16E739B3003CF8D9 /* 23.jpg */; };
		0137CCFA16E739B3003CF8D9 /* 22.jpg in Resources */ = {isa = PBXBuildFile; fileRef = 0137CCDC16E739B3003CF8D9 /* 22.jpg */; };
		0137CCFB16E739B3003CF8D9 /* 21.jpg in Resources */ = {isa = PBXBuildFile; fileRef = 0137CCDD16E739B3003CF8D9 /* 21.jpg */; };
		0137CCFC16E739B3003CF8D9 /* 20.jpg in Resources */ = {isa = PBXBuildFile; fileRef = 0137CCDE16E739B3003CF8D9 /* 20.jpg */; };
		0137CCFD16E739B3003CF8D9 /* 19.jpg in Resources */ = {isa = PBXBuildFile; fileRef = 0137CCDF16E739B3003CF8D9 /* 19.jpg */; };
		0137CCFE16E739B3003CF8D9 /* 18.jpg in Resources */ = {isa = PBXBuildFile; fileRef = 0137CCE016E739B3003CF8D9 /* 18.jpg */; };
		0137CCFF16E739B3003CF8D9 /* 17.jpg in Resources */ = {isa = PBXBuildFile; fileRef = 0137CCE116E739B3003CF8D9 /* 17.jpg */; };
		0137CD0016E739B3003CF8D9 /* 16.jpg in Resources */ = {isa = PBXBuildFile; fileRef = 0137CCE216E739B3003CF8D9 /* 16.jpg */; };
		0137CD0116E739B3003CF8D9 /* 15.jpg in Resources */ = {isa = PBXBuildFile; fileRef = 0137CCE316E739B3003CF8D9 /* 15.jpg */; };
		0137CD0216E739B3003CF8D9 /* 14.jpg in Resources */ = {isa = PBXBuildFile; fileRef = 0137CCE416E739B3003CF8D9 /* 14.jpg */; };
		0137CD0316E739B3003CF8D9 /* 13.jpg in Resources */ = {isa = PBXBuildFile; fileRef = 0137CCE516E739B3003CF8D9 /* 13.jpg */; };
		0137CD0416E739B3003CF8D9 /* 12.jpg in Resources */ = {isa = PBXBuildFile; fileRef = 0137CCE616E739B3003CF8D9 /* 12.jpg */; };
		0137CD0516E739B3003CF8D9 /* 11.jpg in Resources */ = {isa = PBXBuildFile; fileRef = 0137CCE716E739B3003CF8D9 /* 11.jpg */; };
		0137CD0616E739B3003CF8D9 /* 10.jpg in Resources */ = {isa = PBXBuildFile; fileRef = 0137CCE816E739B3003CF8D9 /* 10.jpg */; };
		0137CD0716E739B3003CF8D9 /* 9.jpg in Resources */ = {isa = PBXBuildFile; fileRef = 0137CCE916E739B3003CF8D9 /* 9.jpg */; };
		0137CD0816E739B3003CF8D9 /* 8.jpg in Resources */ = {isa = PBXBuildFile; fileRef = 0137CCEA16E739B3003CF8D9 /* 8.jpg */; };
		0137CD0916E739B3003CF8D9 /* 7.jpg in Resources */ = {isa = PBXBuildFile; fileRef = 0137CCEB16E739B3003CF8D9 /* 7.jpg */; };
		0137CD0A16E739B3003CF8D9 /* 6.jpg in Resources */ = {isa = PBXBuildFile; fileRef = 0137CCEC16E739B3003CF8D9 /* 6.jpg */; };
		0137CD0B16E739B3003CF8D9 /* 5.jpg in Resources */ = {isa = PBXBuildFile; fileRef = 0137CCED16E739B3003CF8D9 /* 5.jpg */; };
		0137CD0C16E739B3003CF8D9 /* 4.jpg in Resources */ = {isa = PBXBuildFile; fileRef = 0137CCEE16E739B3003CF8D9 /* 4.jpg */; };
		0137CD0D16E739B3003CF8D9 /* 3.jpg in Resources */ = {isa = PBXBuildFile; fileRef = 0137CCEF16E739B3003CF8D9 /* 3.jpg */; };
		0137CD0E16E739B3003CF8D9 /* 2.jpg in Resources */ = {isa = PBXBuildFile; fileRef = 0137CCF016E739B3003CF8D9 /* 2.jpg */; };
		0137CD0F16E739B3003CF8D9 /* 1.jpg in Resources */ = {isa = PBXBuildFile; fileRef = 0137CCF116E739B3003CF8D9 /* 1.jpg */; };
		0137CD1016E739B3003CF8D9 /* 0.jpg in Resources */ = {isa = PBXBuildFile; fileRef = 0137CCF216E739B3003CF8D9 /* 0.jpg */; };
		E01F2893169C060D0068FB70 /* QuartzCore.framework in Frameworks */ = {isa = PBXBuildFile; fileRef = E01F2892169C060D0068FB70 /* QuartzCore.framework */; };
		E044CD0716C229FF00A1ADD1 /* auctionInfo_img.png in Resources */ = {isa = PBXBuildFile; fileRef = E044CCF716C229FE00A1ADD1 /* auctionInfo_img.png */; };
		E044CD0816C229FF00A1ADD1 /* BookShelfCell.png in Resources */ = {isa = PBXBuildFile; fileRef = E044CCF916C229FE00A1ADD1 /* BookShelfCell.png */; };
		E044CD0916C229FF00A1ADD1 /* BookShelfCell@2x.png in Resources */ = {isa = PBXBuildFile; fileRef = E044CCFA16C229FE00A1ADD1 /* BookShelfCell@2x.png */; };
		E044CD0A16C229FF00A1ADD1 /* BookViewChecked.png in Resources */ = {isa = PBXBuildFile; fileRef = E044CCFB16C229FE00A1ADD1 /* BookViewChecked.png */; };
		E044CD0B16C229FF00A1ADD1 /* HBookshelfCell@2x.jpg in Resources */ = {isa = PBXBuildFile; fileRef = E044CCFC16C229FE00A1ADD1 /* HBookshelfCell@2x.jpg */; };
		E044CD0C16C229FF00A1ADD1 /* HBookShelfCell@2x.png in Resources */ = {isa = PBXBuildFile; fileRef = E044CCFD16C229FE00A1ADD1 /* HBookShelfCell@2x.png */; };
		E044CD0D16C229FF00A1ADD1 /* Default-Landscape~ipad.png in Resources */ = {isa = PBXBuildFile; fileRef = E044CCFE16C229FE00A1ADD1 /* Default-Landscape~ipad.png */; };
		E044CD0E16C229FF00A1ADD1 /* Default-Portrait~ipad.png in Resources */ = {isa = PBXBuildFile; fileRef = E044CCFF16C229FE00A1ADD1 /* Default-Portrait~ipad.png */; };
		E044CD0F16C229FF00A1ADD1 /* Icon.png in Resources */ = {isa = PBXBuildFile; fileRef = E044CD0016C229FE00A1ADD1 /* Icon.png */; };
		E044CD1016C229FF00A1ADD1 /* Icon@2x.png in Resources */ = {isa = PBXBuildFile; fileRef = E044CD0116C229FE00A1ADD1 /* Icon@2x.png */; };
		E044CD1116C229FF00A1ADD1 /* LOGO.png in Resources */ = {isa = PBXBuildFile; fileRef = E044CD0216C229FE00A1ADD1 /* LOGO.png */; };
		E044CD1216C229FF00A1ADD1 /* newbutton.png in Resources */ = {isa = PBXBuildFile; fileRef = E044CD0316C229FE00A1ADD1 /* newbutton.png */; };
		E044CD1316C229FF00A1ADD1 /* placeholder.jpg in Resources */ = {isa = PBXBuildFile; fileRef = E044CD0416C229FE00A1ADD1 /* placeholder.jpg */; };
		E044CD1416C229FF00A1ADD1 /* see.png in Resources */ = {isa = PBXBuildFile; fileRef = E044CD0516C229FE00A1ADD1 /* see.png */; };
		E044CD1516C229FF00A1ADD1 /* sort.png in Resources */ = {isa = PBXBuildFile; fileRef = E044CD0616C229FE00A1ADD1 /* sort.png */; };
		E044CD3516C22A0D00A1ADD1 /* MyBelowBottomView.m in Sources */ = {isa = PBXBuildFile; fileRef = E044CD1816C22A0D00A1ADD1 /* MyBelowBottomView.m */; };
		E044CD3616C22A0D00A1ADD1 /* MyBookView.m in Sources */ = {isa = PBXBuildFile; fileRef = E044CD1A16C22A0D00A1ADD1 /* MyBookView.m */; };
		E044CD3716C22A0D00A1ADD1 /* MyCellView.m in Sources */ = {isa = PBXBuildFile; fileRef = E044CD1C16C22A0D00A1ADD1 /* MyCellView.m */; };
		E044CD3816C22A0D00A1ADD1 /* GSBookViewContainerView.m in Sources */ = {isa = PBXBuildFile; fileRef = E044CD1F16C22A0D00A1ADD1 /* GSBookViewContainerView.m */; };
		E044CD3916C22A0D00A1ADD1 /* GSCellContainerView.m in Sources */ = {isa = PBXBuildFile; fileRef = E044CD2116C22A0D00A1ADD1 /* GSCellContainerView.m */; };
		E044CD3A16C22A0D00A1ADD1 /* GSBookShelfView.m in Sources */ = {isa = PBXBuildFile; fileRef = E044CD2516C22A0D00A1ADD1 /* GSBookShelfView.m */; };
		E044CD3B16C22A0D00A1ADD1 /* AboveTopView.m in Sources */ = {isa = PBXBuildFile; fileRef = E044CD2916C22A0D00A1ADD1 /* AboveTopView.m */; };
		E044CD3C16C22A0D00A1ADD1 /* BelowBottomView.m in Sources */ = {isa = PBXBuildFile; fileRef = E044CD2B16C22A0D00A1ADD1 /* BelowBottomView.m */; };
		E044CD3D16C22A0D00A1ADD1 /* BookShelfCellView.m in Sources */ = {isa = PBXBuildFile; fileRef = E044CD2D16C22A0D00A1ADD1 /* BookShelfCellView.m */; };
		E044CD3E16C22A0D00A1ADD1 /* BookView.m in Sources */ = {isa = PBXBuildFile; fileRef = E044CD2F16C22A0D00A1ADD1 /* BookView.m */; };
		E044CD3F16C22A0D00A1ADD1 /* NSMutableArray+Rearrange.m in Sources */ = {isa = PBXBuildFile; fileRef = E044CD3216C22A0D00A1ADD1 /* NSMutableArray+Rearrange.m */; };
		E044CD4016C22A0D00A1ADD1 /* Utilities.m in Sources */ = {isa = PBXBuildFile; fileRef = E044CD3416C22A0D00A1ADD1 /* Utilities.m */; };
		E044CD4D16C22A1500A1ADD1 /* CatalogView.m in Sources */ = {isa = PBXBuildFile; fileRef = E044CD4316C22A1500A1ADD1 /* CatalogView.m */; };
		E044CD4E16C22A1500A1ADD1 /* CatalogView.xib in Resources */ = {isa = PBXBuildFile; fileRef = E044CD4416C22A1500A1ADD1 /* CatalogView.xib */; };
		E044CD4F16C22A1500A1ADD1 /* CatalogViewController.m in Sources */ = {isa = PBXBuildFile; fileRef = E044CD4616C22A1500A1ADD1 /* CatalogViewController.m */; };
		E044CD5016C22A1500A1ADD1 /* CatalogViewController.xib in Resources */ = {isa = PBXBuildFile; fileRef = E044CD4716C22A1500A1ADD1 /* CatalogViewController.xib */; };
		E044CD5116C22A1500A1ADD1 /* SortViewController.m in Sources */ = {isa = PBXBuildFile; fileRef = E044CD4916C22A1500A1ADD1 /* SortViewController.m */; };
		E044CD5216C22A1500A1ADD1 /* SpecialDescriptionViewController.m in Sources */ = {isa = PBXBuildFile; fileRef = E044CD4B16C22A1500A1ADD1 /* SpecialDescriptionViewController.m */; };
		E044CD5316C22A1500A1ADD1 /* SpecialDescriptionViewController.xib in Resources */ = {isa = PBXBuildFile; fileRef = E044CD4C16C22A1500A1ADD1 /* SpecialDescriptionViewController.xib */; };
		E044CD5916C22A2300A1ADD1 /* ImageScanViewController.m in Sources */ = {isa = PBXBuildFile; fileRef = E044CD5616C22A2300A1ADD1 /* ImageScanViewController.m */; };
		E044CD5F16C22A2F00A1ADD1 /* SVProgressHUD.bundle in Resources */ = {isa = PBXBuildFile; fileRef = E044CD5C16C22A2F00A1ADD1 /* SVProgressHUD.bundle */; };
		E044CD6016C22A2F00A1ADD1 /* SVProgressHUD.m in Sources */ = {isa = PBXBuildFile; fileRef = E044CD5E16C22A2F00A1ADD1 /* SVProgressHUD.m */; };
		E044CD6916C22A3900A1ADD1 /* StringUtils.m in Sources */ = {isa = PBXBuildFile; fileRef = E044CD6316C22A3900A1ADD1 /* StringUtils.m */; };
		E044CD6A16C22A3900A1ADD1 /* Utils.m in Sources */ = {isa = PBXBuildFile; fileRef = E044CD6516C22A3900A1ADD1 /* Utils.m */; };
		E044CD6B16C22A3900A1ADD1 /* RequestVO.m in Sources */ = {isa = PBXBuildFile; fileRef = E044CD6816C22A3900A1ADD1 /* RequestVO.m */; };
		E044CD6F16C22A5400A1ADD1 /* ViewController.m in Sources */ = {isa = PBXBuildFile; fileRef = E044CD6E16C22A5400A1ADD1 /* ViewController.m */; };
		E07E56D2169A9F3100A8BF60 /* UIKit.framework in Frameworks */ = {isa = PBXBuildFile; fileRef = E07E56D1169A9F3100A8BF60 /* UIKit.framework */; };
		E07E56D4169A9F3100A8BF60 /* Foundation.framework in Frameworks */ = {isa = PBXBuildFile; fileRef = E07E56D3169A9F3100A8BF60 /* Foundation.framework */; };
		E07E56D6169A9F3100A8BF60 /* CoreGraphics.framework in Frameworks */ = {isa = PBXBuildFile; fileRef = E07E56D5169A9F3100A8BF60 /* CoreGraphics.framework */; };
		E07E56DC169A9F3100A8BF60 /* InfoPlist.strings in Resources */ = {isa = PBXBuildFile; fileRef = E07E56DA169A9F3100A8BF60 /* InfoPlist.strings */; };
		E07E56DE169A9F3100A8BF60 /* main.m in Sources */ = {isa = PBXBuildFile; fileRef = E07E56DD169A9F3100A8BF60 /* main.m */; };
		E07E56E2169A9F3100A8BF60 /* AppDelegate.m in Sources */ = {isa = PBXBuildFile; fileRef = E07E56E1169A9F3100A8BF60 /* AppDelegate.m */; };
		E07E56E5169A9F3100A8BF60 /* MainStoryboard.storyboard in Resources */ = {isa = PBXBuildFile; fileRef = E07E56E3169A9F3100A8BF60 /* MainStoryboard.storyboard */; };
		E09A58E3169EBBDE0003EC9B /* MKAnnotationView+WebCache.m in Sources */ = {isa = PBXBuildFile; fileRef = E09A58D0169EBBDE0003EC9B /* MKAnnotationView+WebCache.m */; settings = {COMPILER_FLAGS = "-fno-objc-arc"; }; };
		E09A58E4169EBBDE0003EC9B /* SDImageCache.m in Sources */ = {isa = PBXBuildFile; fileRef = E09A58D2169EBBDE0003EC9B /* SDImageCache.m */; settings = {COMPILER_FLAGS = "-fno-objc-arc"; }; };
		E09A58E5169EBBDE0003EC9B /* SDWebImageDecoder.m in Sources */ = {isa = PBXBuildFile; fileRef = E09A58D6169EBBDE0003EC9B /* SDWebImageDecoder.m */; settings = {COMPILER_FLAGS = "-fno-objc-arc"; }; };
		E09A58E6169EBBDE0003EC9B /* SDWebImageDownloader.m in Sources */ = {isa = PBXBuildFile; fileRef = E09A58D8169EBBDE0003EC9B /* SDWebImageDownloader.m */; settings = {COMPILER_FLAGS = "-fno-objc-arc"; }; };
		E09A58E7169EBBDE0003EC9B /* SDWebImageManager.m in Sources */ = {isa = PBXBuildFile; fileRef = E09A58DB169EBBDE0003EC9B /* SDWebImageManager.m */; settings = {COMPILER_FLAGS = "-fno-objc-arc"; }; };
		E09A58E8169EBBDE0003EC9B /* SDWebImagePrefetcher.m in Sources */ = {isa = PBXBuildFile; fileRef = E09A58DE169EBBDE0003EC9B /* SDWebImagePrefetcher.m */; settings = {COMPILER_FLAGS = "-fno-objc-arc"; }; };
		E09A58E9169EBBDE0003EC9B /* UIButton+WebCache.m in Sources */ = {isa = PBXBuildFile; fileRef = E09A58E0169EBBDE0003EC9B /* UIButton+WebCache.m */; settings = {COMPILER_FLAGS = "-fno-objc-arc"; }; };
		E09A58EA169EBBDE0003EC9B /* UIImageView+WebCache.m in Sources */ = {isa = PBXBuildFile; fileRef = E09A58E2169EBBDE0003EC9B /* UIImageView+WebCache.m */; settings = {COMPILER_FLAGS = "-fno-objc-arc"; }; };
		E09A58ED169EBC800003EC9B /* MapKit.framework in Frameworks */ = {isa = PBXBuildFile; fileRef = E09A58EC169EBC800003EC9B /* MapKit.framework */; };
		E09A58EF169EBD330003EC9B /* ImageIO.framework in Frameworks */ = {isa = PBXBuildFile; fileRef = E09A58EE169EBD330003EC9B /* ImageIO.framework */; };
		E0D3022E16B21C0100E687E4 /* MainPopoverViewController.m in Sources */ = {isa = PBXBuildFile; fileRef = E0D3022D16B21C0100E687E4 /* MainPopoverViewController.m */; };
		E0EF1F5E169E879700085864 /* CFNetwork.framework in Frameworks */ = {isa = PBXBuildFile; fileRef = E0EF1F5D169E879700085864 /* CFNetwork.framework */; };
		E0EF1F60169E87A200085864 /* SystemConfiguration.framework in Frameworks */ = {isa = PBXBuildFile; fileRef = E0EF1F5F169E87A200085864 /* SystemConfiguration.framework */; };
		E0EF1F62169E87AF00085864 /* MobileCoreServices.framework in Frameworks */ = {isa = PBXBuildFile; fileRef = E0EF1F61169E87AF00085864 /* MobileCoreServices.framework */; };
		E0EF1F64169E87C900085864 /* libz.1.2.5.dylib in Frameworks */ = {isa = PBXBuildFile; fileRef = E0EF1F63169E87C900085864 /* libz.1.2.5.dylib */; };
/* End PBXBuildFile section */

/* Begin PBXFileReference section */
		00817A8916B7D80F005E3B76 /* AuctionPopoverController.h */ = {isa = PBXFileReference; fileEncoding = 4; lastKnownFileType = sourcecode.c.h; path = AuctionPopoverController.h; sourceTree = "<group>"; };
		00817A8A16B7D80F005E3B76 /* AuctionPopoverController.m */ = {isa = PBXFileReference; fileEncoding = 4; lastKnownFileType = sourcecode.c.objc; path = AuctionPopoverController.m; sourceTree = "<group>"; };
		00817A8B16B7D80F005E3B76 /* AuctionPopoverController.xib */ = {isa = PBXFileReference; fileEncoding = 4; lastKnownFileType = file.xib; path = AuctionPopoverController.xib; sourceTree = "<group>"; };
		0137CCC116E73465003CF8D9 /* CoverFlowView.h */ = {isa = PBXFileReference; fileEncoding = 4; lastKnownFileType = sourcecode.c.h; path = CoverFlowView.h; sourceTree = "<group>"; };
		0137CCC216E73465003CF8D9 /* CoverFlowView.m */ = {isa = PBXFileReference; fileEncoding = 4; lastKnownFileType = sourcecode.c.objc; path = CoverFlowView.m; sourceTree = "<group>"; };
		0137CCC416E734D0003CF8D9 /* MediaPlayer.framework */ = {isa = PBXFileReference; lastKnownFileType = wrapper.framework; name = MediaPlayer.framework; path = System/Library/Frameworks/MediaPlayer.framework; sourceTree = SDKROOT; };
		0137CCC616E73579003CF8D9 /* VideoListView.h */ = {isa = PBXFileReference; fileEncoding = 4; lastKnownFileType = sourcecode.c.h; path = VideoListView.h; sourceTree = "<group>"; };
		0137CCC716E73579003CF8D9 /* VideoListView.m */ = {isa = PBXFileReference; fileEncoding = 4; lastKnownFileType = sourcecode.c.objc; path = VideoListView.m; sourceTree = "<group>"; };
		0137CCC816E7357B003CF8D9 /* VideoListView.xib */ = {isa = PBXFileReference; fileEncoding = 4; lastKnownFileType = file.xib; path = VideoListView.xib; sourceTree = "<group>"; };
		0137CCCB16E735C5003CF8D9 /* VideoViewController.h */ = {isa = PBXFileReference; fileEncoding = 4; lastKnownFileType = sourcecode.c.h; path = VideoViewController.h; sourceTree = "<group>"; };
		0137CCCC16E735C6003CF8D9 /* VideoViewController.m */ = {isa = PBXFileReference; fileEncoding = 4; lastKnownFileType = sourcecode.c.objc; path = VideoViewController.m; sourceTree = "<group>"; };
		0137CCCD16E735C6003CF8D9 /* VideoViewController.xib */ = {isa = PBXFileReference; fileEncoding = 4; lastKnownFileType = file.xib; path = VideoViewController.xib; sourceTree = "<group>"; };
		0137CCD516E739B3003CF8D9 /* 29.jpg */ = {isa = PBXFileReference; lastKnownFileType = image.jpeg; path = 29.jpg; sourceTree = "<group>"; };
		0137CCD616E739B3003CF8D9 /* 28.jpg */ = {isa = PBXFileReference; lastKnownFileType = image.jpeg; path = 28.jpg; sourceTree = "<group>"; };
		0137CCD716E739B3003CF8D9 /* 27.jpg */ = {isa = PBXFileReference; lastKnownFileType = image.jpeg; path = 27.jpg; sourceTree = "<group>"; };
		0137CCD816E739B3003CF8D9 /* 26.jpg */ = {isa = PBXFileReference; lastKnownFileType = image.jpeg; path = 26.jpg; sourceTree = "<group>"; };
		0137CCD916E739B3003CF8D9 /* 25.jpg */ = {isa = PBXFileReference; lastKnownFileType = image.jpeg; path = 25.jpg; sourceTree = "<group>"; };
		0137CCDA16E739B3003CF8D9 /* 24.jpg */ = {isa = PBXFileReference; lastKnownFileType = image.jpeg; path = 24.jpg; sourceTree = "<group>"; };
		0137CCDB16E739B3003CF8D9 /* 23.jpg */ = {isa = PBXFileReference; lastKnownFileType = image.jpeg; path = 23.jpg; sourceTree = "<group>"; };
		0137CCDC16E739B3003CF8D9 /* 22.jpg */ = {isa = PBXFileReference; lastKnownFileType = image.jpeg; path = 22.jpg; sourceTree = "<group>"; };
		0137CCDD16E739B3003CF8D9 /* 21.jpg */ = {isa = PBXFileReference; lastKnownFileType = image.jpeg; path = 21.jpg; sourceTree = "<group>"; };
		0137CCDE16E739B3003CF8D9 /* 20.jpg */ = {isa = PBXFileReference; lastKnownFileType = image.jpeg; path = 20.jpg; sourceTree = "<group>"; };
		0137CCDF16E739B3003CF8D9 /* 19.jpg */ = {isa = PBXFileReference; lastKnownFileType = image.jpeg; path = 19.jpg; sourceTree = "<group>"; };
		0137CCE016E739B3003CF8D9 /* 18.jpg */ = {isa = PBXFileReference; lastKnownFileType = image.jpeg; path = 18.jpg; sourceTree = "<group>"; };
		0137CCE116E739B3003CF8D9 /* 17.jpg */ = {isa = PBXFileReference; lastKnownFileType = image.jpeg; path = 17.jpg; sourceTree = "<group>"; };
		0137CCE216E739B3003CF8D9 /* 16.jpg */ = {isa = PBXFileReference; lastKnownFileType = image.jpeg; path = 16.jpg; sourceTree = "<group>"; };
		0137CCE316E739B3003CF8D9 /* 15.jpg */ = {isa = PBXFileReference; lastKnownFileType = image.jpeg; path = 15.jpg; sourceTree = "<group>"; };
		0137CCE416E739B3003CF8D9 /* 14.jpg */ = {isa = PBXFileReference; lastKnownFileType = image.jpeg; path = 14.jpg; sourceTree = "<group>"; };
		0137CCE516E739B3003CF8D9 /* 13.jpg */ = {isa = PBXFileReference; lastKnownFileType = image.jpeg; path = 13.jpg; sourceTree = "<group>"; };
		0137CCE616E739B3003CF8D9 /* 12.jpg */ = {isa = PBXFileReference; lastKnownFileType = image.jpeg; path = 12.jpg; sourceTree = "<group>"; };
		0137CCE716E739B3003CF8D9 /* 11.jpg */ = {isa = PBXFileReference; lastKnownFileType = image.jpeg; path = 11.jpg; sourceTree = "<group>"; };
		0137CCE816E739B3003CF8D9 /* 10.jpg */ = {isa = PBXFileReference; lastKnownFileType = image.jpeg; path = 10.jpg; sourceTree = "<group>"; };
		0137CCE916E739B3003CF8D9 /* 9.jpg */ = {isa = PBXFileReference; lastKnownFileType = image.jpeg; path = 9.jpg; sourceTree = "<group>"; };
		0137CCEA16E739B3003CF8D9 /* 8.jpg */ = {isa = PBXFileReference; lastKnownFileType = image.jpeg; path = 8.jpg; sourceTree = "<group>"; };
		0137CCEB16E739B3003CF8D9 /* 7.jpg */ = {isa = PBXFileReference; lastKnownFileType = image.jpeg; path = 7.jpg; sourceTree = "<group>"; };
		0137CCEC16E739B3003CF8D9 /* 6.jpg */ = {isa = PBXFileReference; lastKnownFileType = image.jpeg; path = 6.jpg; sourceTree = "<group>"; };
		0137CCED16E739B3003CF8D9 /* 5.jpg */ = {isa = PBXFileReference; lastKnownFileType = image.jpeg; path = 5.jpg; sourceTree = "<group>"; };
		0137CCEE16E739B3003CF8D9 /* 4.jpg */ = {isa = PBXFileReference; lastKnownFileType = image.jpeg; path = 4.jpg; sourceTree = "<group>"; };
		0137CCEF16E739B3003CF8D9 /* 3.jpg */ = {isa = PBXFileReference; lastKnownFileType = image.jpeg; path = 3.jpg; sourceTree = "<group>"; };
		0137CCF016E739B3003CF8D9 /* 2.jpg */ = {isa = PBXFileReference; lastKnownFileType = image.jpeg; path = 2.jpg; sourceTree = "<group>"; };
		0137CCF116E739B3003CF8D9 /* 1.jpg */ = {isa = PBXFileReference; lastKnownFileType = image.jpeg; path = 1.jpg; sourceTree = "<group>"; };
		0137CCF216E739B3003CF8D9 /* 0.jpg */ = {isa = PBXFileReference; lastKnownFileType = image.jpeg; path = 0.jpg; sourceTree = "<group>"; };
		E01F2892169C060D0068FB70 /* QuartzCore.framework */ = {isa = PBXFileReference; lastKnownFileType = wrapper.framework; name = QuartzCore.framework; path = System/Library/Frameworks/QuartzCore.framework; sourceTree = SDKROOT; };
		E044CCF716C229FE00A1ADD1 /* auctionInfo_img.png */ = {isa = PBXFileReference; lastKnownFileType = image.png; path = auctionInfo_img.png; sourceTree = "<group>"; };
		E044CCF916C229FE00A1ADD1 /* BookShelfCell.png */ = {isa = PBXFileReference; lastKnownFileType = image.png; path = BookShelfCell.png; sourceTree = "<group>"; };
		E044CCFA16C229FE00A1ADD1 /* BookShelfCell@2x.png */ = {isa = PBXFileReference; lastKnownFileType = image.png; path = "BookShelfCell@2x.png"; sourceTree = "<group>"; };
		E044CCFB16C229FE00A1ADD1 /* BookViewChecked.png */ = {isa = PBXFileReference; lastKnownFileType = image.png; path = BookViewChecked.png; sourceTree = "<group>"; };
		E044CCFC16C229FE00A1ADD1 /* HBookshelfCell@2x.jpg */ = {isa = PBXFileReference; lastKnownFileType = image.jpeg; path = "HBookshelfCell@2x.jpg"; sourceTree = "<group>"; };
		E044CCFD16C229FE00A1ADD1 /* HBookShelfCell@2x.png */ = {isa = PBXFileReference; lastKnownFileType = image.png; path = "HBookShelfCell@2x.png"; sourceTree = "<group>"; };
		E044CCFE16C229FE00A1ADD1 /* Default-Landscape~ipad.png */ = {isa = PBXFileReference; lastKnownFileType = image.png; path = "Default-Landscape~ipad.png"; sourceTree = "<group>"; };
		E044CCFF16C229FE00A1ADD1 /* Default-Portrait~ipad.png */ = {isa = PBXFileReference; lastKnownFileType = image.png; path = "Default-Portrait~ipad.png"; sourceTree = "<group>"; };
		E044CD0016C229FE00A1ADD1 /* Icon.png */ = {isa = PBXFileReference; lastKnownFileType = image.png; path = Icon.png; sourceTree = "<group>"; };
		E044CD0116C229FE00A1ADD1 /* Icon@2x.png */ = {isa = PBXFileReference; lastKnownFileType = image.png; path = "Icon@2x.png"; sourceTree = "<group>"; };
		E044CD0216C229FE00A1ADD1 /* LOGO.png */ = {isa = PBXFileReference; lastKnownFileType = image.png; path = LOGO.png; sourceTree = "<group>"; };
		E044CD0316C229FE00A1ADD1 /* newbutton.png */ = {isa = PBXFileReference; lastKnownFileType = image.png; path = newbutton.png; sourceTree = "<group>"; };
		E044CD0416C229FE00A1ADD1 /* placeholder.jpg */ = {isa = PBXFileReference; lastKnownFileType = image.jpeg; path = placeholder.jpg; sourceTree = "<group>"; };
		E044CD0516C229FE00A1ADD1 /* see.png */ = {isa = PBXFileReference; lastKnownFileType = image.png; path = see.png; sourceTree = "<group>"; };
		E044CD0616C229FE00A1ADD1 /* sort.png */ = {isa = PBXFileReference; lastKnownFileType = image.png; path = sort.png; sourceTree = "<group>"; };
		E044CD1716C22A0D00A1ADD1 /* MyBelowBottomView.h */ = {isa = PBXFileReference; fileEncoding = 4; lastKnownFileType = sourcecode.c.h; path = MyBelowBottomView.h; sourceTree = "<group>"; };
		E044CD1816C22A0D00A1ADD1 /* MyBelowBottomView.m */ = {isa = PBXFileReference; fileEncoding = 4; lastKnownFileType = sourcecode.c.objc; path = MyBelowBottomView.m; sourceTree = "<group>"; };
		E044CD1916C22A0D00A1ADD1 /* MyBookView.h */ = {isa = PBXFileReference; fileEncoding = 4; lastKnownFileType = sourcecode.c.h; path = MyBookView.h; sourceTree = "<group>"; };
		E044CD1A16C22A0D00A1ADD1 /* MyBookView.m */ = {isa = PBXFileReference; fileEncoding = 4; lastKnownFileType = sourcecode.c.objc; path = MyBookView.m; sourceTree = "<group>"; };
		E044CD1B16C22A0D00A1ADD1 /* MyCellView.h */ = {isa = PBXFileReference; fileEncoding = 4; lastKnownFileType = sourcecode.c.h; path = MyCellView.h; sourceTree = "<group>"; };
		E044CD1C16C22A0D00A1ADD1 /* MyCellView.m */ = {isa = PBXFileReference; fileEncoding = 4; lastKnownFileType = sourcecode.c.objc; path = MyCellView.m; sourceTree = "<group>"; };
		E044CD1E16C22A0D00A1ADD1 /* GSBookViewContainerView.h */ = {isa = PBXFileReference; fileEncoding = 4; lastKnownFileType = sourcecode.c.h; path = GSBookViewContainerView.h; sourceTree = "<group>"; };
		E044CD1F16C22A0D00A1ADD1 /* GSBookViewContainerView.m */ = {isa = PBXFileReference; fileEncoding = 4; lastKnownFileType = sourcecode.c.objc; path = GSBookViewContainerView.m; sourceTree = "<group>"; };
		E044CD2016C22A0D00A1ADD1 /* GSCellContainerView.h */ = {isa = PBXFileReference; fileEncoding = 4; lastKnownFileType = sourcecode.c.h; path = GSCellContainerView.h; sourceTree = "<group>"; };
		E044CD2116C22A0D00A1ADD1 /* GSCellContainerView.m */ = {isa = PBXFileReference; fileEncoding = 4; lastKnownFileType = sourcecode.c.objc; path = GSCellContainerView.m; sourceTree = "<group>"; };
		E044CD2316C22A0D00A1ADD1 /* GSBookShelfCell.h */ = {isa = PBXFileReference; fileEncoding = 4; lastKnownFileType = sourcecode.c.h; path = GSBookShelfCell.h; sourceTree = "<group>"; };
		E044CD2416C22A0D00A1ADD1 /* GSBookShelfView.h */ = {isa = PBXFileReference; fileEncoding = 4; lastKnownFileType = sourcecode.c.h; path = GSBookShelfView.h; sourceTree = "<group>"; };
		E044CD2516C22A0D00A1ADD1 /* GSBookShelfView.m */ = {isa = PBXFileReference; fileEncoding = 4; lastKnownFileType = sourcecode.c.objc; path = GSBookShelfView.m; sourceTree = "<group>"; };
		E044CD2616C22A0D00A1ADD1 /* GSBookView.h */ = {isa = PBXFileReference; fileEncoding = 4; lastKnownFileType = sourcecode.c.h; path = GSBookView.h; sourceTree = "<group>"; };
		E044CD2816C22A0D00A1ADD1 /* AboveTopView.h */ = {isa = PBXFileReference; fileEncoding = 4; lastKnownFileType = sourcecode.c.h; path = AboveTopView.h; sourceTree = "<group>"; };
		E044CD2916C22A0D00A1ADD1 /* AboveTopView.m */ = {isa = PBXFileReference; fileEncoding = 4; lastKnownFileType = sourcecode.c.objc; path = AboveTopView.m; sourceTree = "<group>"; };
		E044CD2A16C22A0D00A1ADD1 /* BelowBottomView.h */ = {isa = PBXFileReference; fileEncoding = 4; lastKnownFileType = sourcecode.c.h; path = BelowBottomView.h; sourceTree = "<group>"; };
		E044CD2B16C22A0D00A1ADD1 /* BelowBottomView.m */ = {isa = PBXFileReference; fileEncoding = 4; lastKnownFileType = sourcecode.c.objc; path = BelowBottomView.m; sourceTree = "<group>"; };
		E044CD2C16C22A0D00A1ADD1 /* BookShelfCellView.h */ = {isa = PBXFileReference; fileEncoding = 4; lastKnownFileType = sourcecode.c.h; path = BookShelfCellView.h; sourceTree = "<group>"; };
		E044CD2D16C22A0D00A1ADD1 /* BookShelfCellView.m */ = {isa = PBXFileReference; fileEncoding = 4; lastKnownFileType = sourcecode.c.objc; path = BookShelfCellView.m; sourceTree = "<group>"; };
		E044CD2E16C22A0D00A1ADD1 /* BookView.h */ = {isa = PBXFileReference; fileEncoding = 4; lastKnownFileType = sourcecode.c.h; path = BookView.h; sourceTree = "<group>"; };
		E044CD2F16C22A0D00A1ADD1 /* BookView.m */ = {isa = PBXFileReference; fileEncoding = 4; lastKnownFileType = sourcecode.c.objc; path = BookView.m; sourceTree = "<group>"; };
		E044CD3116C22A0D00A1ADD1 /* NSMutableArray+Rearrange.h */ = {isa = PBXFileReference; fileEncoding = 4; lastKnownFileType = sourcecode.c.h; path = "NSMutableArray+Rearrange.h"; sourceTree = "<group>"; };
		E044CD3216C22A0D00A1ADD1 /* NSMutableArray+Rearrange.m */ = {isa = PBXFileReference; fileEncoding = 4; lastKnownFileType = sourcecode.c.objc; path = "NSMutableArray+Rearrange.m"; sourceTree = "<group>"; };
		E044CD3316C22A0D00A1ADD1 /* Utilities.h */ = {isa = PBXFileReference; fileEncoding = 4; lastKnownFileType = sourcecode.c.h; path = Utilities.h; sourceTree = "<group>"; };
		E044CD3416C22A0D00A1ADD1 /* Utilities.m */ = {isa = PBXFileReference; fileEncoding = 4; lastKnownFileType = sourcecode.c.objc; path = Utilities.m; sourceTree = "<group>"; };
		E044CD4216C22A1500A1ADD1 /* CatalogView.h */ = {isa = PBXFileReference; fileEncoding = 4; lastKnownFileType = sourcecode.c.h; path = CatalogView.h; sourceTree = "<group>"; };
		E044CD4316C22A1500A1ADD1 /* CatalogView.m */ = {isa = PBXFileReference; fileEncoding = 4; lastKnownFileType = sourcecode.c.objc; path = CatalogView.m; sourceTree = "<group>"; };
		E044CD4416C22A1500A1ADD1 /* CatalogView.xib */ = {isa = PBXFileReference; fileEncoding = 4; lastKnownFileType = file.xib; path = CatalogView.xib; sourceTree = "<group>"; };
		E044CD4516C22A1500A1ADD1 /* CatalogViewController.h */ = {isa = PBXFileReference; fileEncoding = 4; lastKnownFileType = sourcecode.c.h; path = CatalogViewController.h; sourceTree = "<group>"; };
		E044CD4616C22A1500A1ADD1 /* CatalogViewController.m */ = {isa = PBXFileReference; fileEncoding = 4; lastKnownFileType = sourcecode.c.objc; path = CatalogViewController.m; sourceTree = "<group>"; };
		E044CD4716C22A1500A1ADD1 /* CatalogViewController.xib */ = {isa = PBXFileReference; fileEncoding = 4; lastKnownFileType = file.xib; path = CatalogViewController.xib; sourceTree = "<group>"; };
		E044CD4816C22A1500A1ADD1 /* SortViewController.h */ = {isa = PBXFileReference; fileEncoding = 4; lastKnownFileType = sourcecode.c.h; path = SortViewController.h; sourceTree = "<group>"; };
		E044CD4916C22A1500A1ADD1 /* SortViewController.m */ = {isa = PBXFileReference; fileEncoding = 4; lastKnownFileType = sourcecode.c.objc; path = SortViewController.m; sourceTree = "<group>"; };
		E044CD4A16C22A1500A1ADD1 /* SpecialDescriptionViewController.h */ = {isa = PBXFileReference; fileEncoding = 4; lastKnownFileType = sourcecode.c.h; path = SpecialDescriptionViewController.h; sourceTree = "<group>"; };
		E044CD4B16C22A1500A1ADD1 /* SpecialDescriptionViewController.m */ = {isa = PBXFileReference; fileEncoding = 4; lastKnownFileType = sourcecode.c.objc; path = SpecialDescriptionViewController.m; sourceTree = "<group>"; };
		E044CD4C16C22A1500A1ADD1 /* SpecialDescriptionViewController.xib */ = {isa = PBXFileReference; fileEncoding = 4; lastKnownFileType = file.xib; path = SpecialDescriptionViewController.xib; sourceTree = "<group>"; };
		E044CD5516C22A2300A1ADD1 /* ImageScanViewController.h */ = {isa = PBXFileReference; fileEncoding = 4; lastKnownFileType = sourcecode.c.h; path = ImageScanViewController.h; sourceTree = "<group>"; };
		E044CD5616C22A2300A1ADD1 /* ImageScanViewController.m */ = {isa = PBXFileReference; fileEncoding = 4; lastKnownFileType = sourcecode.c.objc; path = ImageScanViewController.m; sourceTree = "<group>"; };
		E044CD5C16C22A2F00A1ADD1 /* SVProgressHUD.bundle */ = {isa = PBXFileReference; lastKnownFileType = "wrapper.plug-in"; path = SVProgressHUD.bundle; sourceTree = "<group>"; };
		E044CD5D16C22A2F00A1ADD1 /* SVProgressHUD.h */ = {isa = PBXFileReference; fileEncoding = 4; lastKnownFileType = sourcecode.c.h; path = SVProgressHUD.h; sourceTree = "<group>"; };
		E044CD5E16C22A2F00A1ADD1 /* SVProgressHUD.m */ = {isa = PBXFileReference; fileEncoding = 4; lastKnownFileType = sourcecode.c.objc; path = SVProgressHUD.m; sourceTree = "<group>"; };
		E044CD6216C22A3900A1ADD1 /* StringUtils.h */ = {isa = PBXFileReference; fileEncoding = 4; lastKnownFileType = sourcecode.c.h; path = StringUtils.h; sourceTree = "<group>"; };
		E044CD6316C22A3900A1ADD1 /* StringUtils.m */ = {isa = PBXFileReference; fileEncoding = 4; lastKnownFileType = sourcecode.c.objc; path = StringUtils.m; sourceTree = "<group>"; };
		E044CD6416C22A3900A1ADD1 /* Utils.h */ = {isa = PBXFileReference; fileEncoding = 4; lastKnownFileType = sourcecode.c.h; path = Utils.h; sourceTree = "<group>"; };
		E044CD6516C22A3900A1ADD1 /* Utils.m */ = {isa = PBXFileReference; fileEncoding = 4; lastKnownFileType = sourcecode.c.objc; path = Utils.m; sourceTree = "<group>"; };
		E044CD6716C22A3900A1ADD1 /* RequestVO.h */ = {isa = PBXFileReference; fileEncoding = 4; lastKnownFileType = sourcecode.c.h; path = RequestVO.h; sourceTree = "<group>"; };
		E044CD6816C22A3900A1ADD1 /* RequestVO.m */ = {isa = PBXFileReference; fileEncoding = 4; lastKnownFileType = sourcecode.c.objc; path = RequestVO.m; sourceTree = "<group>"; };
		E044CD6D16C22A5400A1ADD1 /* ViewController.h */ = {isa = PBXFileReference; fileEncoding = 4; lastKnownFileType = sourcecode.c.h; path = ViewController.h; sourceTree = "<group>"; };
		E044CD6E16C22A5400A1ADD1 /* ViewController.m */ = {isa = PBXFileReference; fileEncoding = 4; lastKnownFileType = sourcecode.c.objc; path = ViewController.m; sourceTree = "<group>"; };
		E07E56CD169A9F3100A8BF60 /* BookReader.app */ = {isa = PBXFileReference; explicitFileType = wrapper.application; includeInIndex = 0; path = BookReader.app; sourceTree = BUILT_PRODUCTS_DIR; };
		E07E56D1169A9F3100A8BF60 /* UIKit.framework */ = {isa = PBXFileReference; lastKnownFileType = wrapper.framework; name = UIKit.framework; path = System/Library/Frameworks/UIKit.framework; sourceTree = SDKROOT; };
		E07E56D3169A9F3100A8BF60 /* Foundation.framework */ = {isa = PBXFileReference; lastKnownFileType = wrapper.framework; name = Foundation.framework; path = System/Library/Frameworks/Foundation.framework; sourceTree = SDKROOT; };
		E07E56D5169A9F3100A8BF60 /* CoreGraphics.framework */ = {isa = PBXFileReference; lastKnownFileType = wrapper.framework; name = CoreGraphics.framework; path = System/Library/Frameworks/CoreGraphics.framework; sourceTree = SDKROOT; };
		E07E56D9169A9F3100A8BF60 /* BookReader-Info.plist */ = {isa = PBXFileReference; lastKnownFileType = text.plist.xml; path = "BookReader-Info.plist"; sourceTree = "<group>"; };
		E07E56DB169A9F3100A8BF60 /* en */ = {isa = PBXFileReference; lastKnownFileType = text.plist.strings; name = en; path = en.lproj/InfoPlist.strings; sourceTree = "<group>"; };
		E07E56DD169A9F3100A8BF60 /* main.m */ = {isa = PBXFileReference; lastKnownFileType = sourcecode.c.objc; path = main.m; sourceTree = "<group>"; };
		E07E56DF169A9F3100A8BF60 /* BookReader-Prefix.pch */ = {isa = PBXFileReference; lastKnownFileType = sourcecode.c.h; path = "BookReader-Prefix.pch"; sourceTree = "<group>"; };
		E07E56E0169A9F3100A8BF60 /* AppDelegate.h */ = {isa = PBXFileReference; lastKnownFileType = sourcecode.c.h; path = AppDelegate.h; sourceTree = "<group>"; };
		E07E56E1169A9F3100A8BF60 /* AppDelegate.m */ = {isa = PBXFileReference; lastKnownFileType = sourcecode.c.objc; path = AppDelegate.m; sourceTree = "<group>"; };
		E07E56E4169A9F3100A8BF60 /* en */ = {isa = PBXFileReference; lastKnownFileType = file.storyboard; name = en; path = en.lproj/MainStoryboard.storyboard; sourceTree = "<group>"; };
		E09A58CF169EBBDE0003EC9B /* MKAnnotationView+WebCache.h */ = {isa = PBXFileReference; fileEncoding = 4; lastKnownFileType = sourcecode.c.h; path = "MKAnnotationView+WebCache.h"; sourceTree = "<group>"; };
		E09A58D0169EBBDE0003EC9B /* MKAnnotationView+WebCache.m */ = {isa = PBXFileReference; fileEncoding = 4; lastKnownFileType = sourcecode.c.objc; path = "MKAnnotationView+WebCache.m"; sourceTree = "<group>"; };
		E09A58D1169EBBDE0003EC9B /* SDImageCache.h */ = {isa = PBXFileReference; fileEncoding = 4; lastKnownFileType = sourcecode.c.h; path = SDImageCache.h; sourceTree = "<group>"; };
		E09A58D2169EBBDE0003EC9B /* SDImageCache.m */ = {isa = PBXFileReference; fileEncoding = 4; lastKnownFileType = sourcecode.c.objc; path = SDImageCache.m; sourceTree = "<group>"; };
		E09A58D3169EBBDE0003EC9B /* SDImageCacheDelegate.h */ = {isa = PBXFileReference; fileEncoding = 4; lastKnownFileType = sourcecode.c.h; path = SDImageCacheDelegate.h; sourceTree = "<group>"; };
		E09A58D4169EBBDE0003EC9B /* SDWebImageCompat.h */ = {isa = PBXFileReference; fileEncoding = 4; lastKnownFileType = sourcecode.c.h; path = SDWebImageCompat.h; sourceTree = "<group>"; };
		E09A58D5169EBBDE0003EC9B /* SDWebImageDecoder.h */ = {isa = PBXFileReference; fileEncoding = 4; lastKnownFileType = sourcecode.c.h; path = SDWebImageDecoder.h; sourceTree = "<group>"; };
		E09A58D6169EBBDE0003EC9B /* SDWebImageDecoder.m */ = {isa = PBXFileReference; fileEncoding = 4; lastKnownFileType = sourcecode.c.objc; path = SDWebImageDecoder.m; sourceTree = "<group>"; };
		E09A58D7169EBBDE0003EC9B /* SDWebImageDownloader.h */ = {isa = PBXFileReference; fileEncoding = 4; lastKnownFileType = sourcecode.c.h; path = SDWebImageDownloader.h; sourceTree = "<group>"; };
		E09A58D8169EBBDE0003EC9B /* SDWebImageDownloader.m */ = {isa = PBXFileReference; fileEncoding = 4; lastKnownFileType = sourcecode.c.objc; path = SDWebImageDownloader.m; sourceTree = "<group>"; };
		E09A58D9169EBBDE0003EC9B /* SDWebImageDownloaderDelegate.h */ = {isa = PBXFileReference; fileEncoding = 4; lastKnownFileType = sourcecode.c.h; path = SDWebImageDownloaderDelegate.h; sourceTree = "<group>"; };
		E09A58DA169EBBDE0003EC9B /* SDWebImageManager.h */ = {isa = PBXFileReference; fileEncoding = 4; lastKnownFileType = sourcecode.c.h; path = SDWebImageManager.h; sourceTree = "<group>"; };
		E09A58DB169EBBDE0003EC9B /* SDWebImageManager.m */ = {isa = PBXFileReference; fileEncoding = 4; lastKnownFileType = sourcecode.c.objc; path = SDWebImageManager.m; sourceTree = "<group>"; };
		E09A58DC169EBBDE0003EC9B /* SDWebImageManagerDelegate.h */ = {isa = PBXFileReference; fileEncoding = 4; lastKnownFileType = sourcecode.c.h; path = SDWebImageManagerDelegate.h; sourceTree = "<group>"; };
		E09A58DD169EBBDE0003EC9B /* SDWebImagePrefetcher.h */ = {isa = PBXFileReference; fileEncoding = 4; lastKnownFileType = sourcecode.c.h; path = SDWebImagePrefetcher.h; sourceTree = "<group>"; };
		E09A58DE169EBBDE0003EC9B /* SDWebImagePrefetcher.m */ = {isa = PBXFileReference; fileEncoding = 4; lastKnownFileType = sourcecode.c.objc; path = SDWebImagePrefetcher.m; sourceTree = "<group>"; };
		E09A58DF169EBBDE0003EC9B /* UIButton+WebCache.h */ = {isa = PBXFileReference; fileEncoding = 4; lastKnownFileType = sourcecode.c.h; path = "UIButton+WebCache.h"; sourceTree = "<group>"; };
		E09A58E0169EBBDE0003EC9B /* UIButton+WebCache.m */ = {isa = PBXFileReference; fileEncoding = 4; lastKnownFileType = sourcecode.c.objc; path = "UIButton+WebCache.m"; sourceTree = "<group>"; };
		E09A58E1169EBBDE0003EC9B /* UIImageView+WebCache.h */ = {isa = PBXFileReference; fileEncoding = 4; lastKnownFileType = sourcecode.c.h; path = "UIImageView+WebCache.h"; sourceTree = "<group>"; };
		E09A58E2169EBBDE0003EC9B /* UIImageView+WebCache.m */ = {isa = PBXFileReference; fileEncoding = 4; lastKnownFileType = sourcecode.c.objc; path = "UIImageView+WebCache.m"; sourceTree = "<group>"; };
		E09A58EC169EBC800003EC9B /* MapKit.framework */ = {isa = PBXFileReference; lastKnownFileType = wrapper.framework; name = MapKit.framework; path = System/Library/Frameworks/MapKit.framework; sourceTree = SDKROOT; };
		E09A58EE169EBD330003EC9B /* ImageIO.framework */ = {isa = PBXFileReference; lastKnownFileType = wrapper.framework; name = ImageIO.framework; path = System/Library/Frameworks/ImageIO.framework; sourceTree = SDKROOT; };
		E0D3022C16B21C0100E687E4 /* MainPopoverViewController.h */ = {isa = PBXFileReference; fileEncoding = 4; lastKnownFileType = sourcecode.c.h; path = MainPopoverViewController.h; sourceTree = "<group>"; };
		E0D3022D16B21C0100E687E4 /* MainPopoverViewController.m */ = {isa = PBXFileReference; fileEncoding = 4; lastKnownFileType = sourcecode.c.objc; path = MainPopoverViewController.m; sourceTree = "<group>"; };
		E0EF1F5D169E879700085864 /* CFNetwork.framework */ = {isa = PBXFileReference; lastKnownFileType = wrapper.framework; name = CFNetwork.framework; path = System/Library/Frameworks/CFNetwork.framework; sourceTree = SDKROOT; };
		E0EF1F5F169E87A200085864 /* SystemConfiguration.framework */ = {isa = PBXFileReference; lastKnownFileType = wrapper.framework; name = SystemConfiguration.framework; path = System/Library/Frameworks/SystemConfiguration.framework; sourceTree = SDKROOT; };
		E0EF1F61169E87AF00085864 /* MobileCoreServices.framework */ = {isa = PBXFileReference; lastKnownFileType = wrapper.framework; name = MobileCoreServices.framework; path = System/Library/Frameworks/MobileCoreServices.framework; sourceTree = SDKROOT; };
		E0EF1F63169E87C900085864 /* libz.1.2.5.dylib */ = {isa = PBXFileReference; lastKnownFileType = "compiled.mach-o.dylib"; name = libz.1.2.5.dylib; path = usr/lib/libz.1.2.5.dylib; sourceTree = SDKROOT; };
/* End PBXFileReference section */

/* Begin PBXFrameworksBuildPhase section */
		E07E56CA169A9F3100A8BF60 /* Frameworks */ = {
			isa = PBXFrameworksBuildPhase;
			buildActionMask = 2147483647;
			files = (
				0137CCC516E734D0003CF8D9 /* MediaPlayer.framework in Frameworks */,
				E09A58EF169EBD330003EC9B /* ImageIO.framework in Frameworks */,
				E09A58ED169EBC800003EC9B /* MapKit.framework in Frameworks */,
				E0EF1F64169E87C900085864 /* libz.1.2.5.dylib in Frameworks */,
				E0EF1F62169E87AF00085864 /* MobileCoreServices.framework in Frameworks */,
				E0EF1F60169E87A200085864 /* SystemConfiguration.framework in Frameworks */,
				E0EF1F5E169E879700085864 /* CFNetwork.framework in Frameworks */,
				E01F2893169C060D0068FB70 /* QuartzCore.framework in Frameworks */,
				E07E56D2169A9F3100A8BF60 /* UIKit.framework in Frameworks */,
				E07E56D4169A9F3100A8BF60 /* Foundation.framework in Frameworks */,
				E07E56D6169A9F3100A8BF60 /* CoreGraphics.framework in Frameworks */,
			);
			runOnlyForDeploymentPostprocessing = 0;
		};
/* End PBXFrameworksBuildPhase section */

/* Begin PBXGroup section */
		0137CCBF16E7341A003CF8D9 /* Video */ = {
			isa = PBXGroup;
			children = (
				0137CCC116E73465003CF8D9 /* CoverFlowView.h */,
				0137CCC216E73465003CF8D9 /* CoverFlowView.m */,
				0137CCC616E73579003CF8D9 /* VideoListView.h */,
				0137CCC716E73579003CF8D9 /* VideoListView.m */,
				0137CCC816E7357B003CF8D9 /* VideoListView.xib */,
				0137CCCB16E735C5003CF8D9 /* VideoViewController.h */,
				0137CCCC16E735C6003CF8D9 /* VideoViewController.m */,
				0137CCCD16E735C6003CF8D9 /* VideoViewController.xib */,
			);
			name = Video;
			sourceTree = "<group>";
		};
		0137CCD416E7399A003CF8D9 /* video */ = {
			isa = PBXGroup;
			children = (
				0137CCD516E739B3003CF8D9 /* 29.jpg */,
				0137CCD616E739B3003CF8D9 /* 28.jpg */,
				0137CCD716E739B3003CF8D9 /* 27.jpg */,
				0137CCD816E739B3003CF8D9 /* 26.jpg */,
				0137CCD916E739B3003CF8D9 /* 25.jpg */,
				0137CCDA16E739B3003CF8D9 /* 24.jpg */,
				0137CCDB16E739B3003CF8D9 /* 23.jpg */,
				0137CCDC16E739B3003CF8D9 /* 22.jpg */,
				0137CCDD16E739B3003CF8D9 /* 21.jpg */,
				0137CCDE16E739B3003CF8D9 /* 20.jpg */,
				0137CCDF16E739B3003CF8D9 /* 19.jpg */,
				0137CCE016E739B3003CF8D9 /* 18.jpg */,
				0137CCE116E739B3003CF8D9 /* 17.jpg */,
				0137CCE216E739B3003CF8D9 /* 16.jpg */,
				0137CCE316E739B3003CF8D9 /* 15.jpg */,
				0137CCE416E739B3003CF8D9 /* 14.jpg */,
				0137CCE516E739B3003CF8D9 /* 13.jpg */,
				0137CCE616E739B3003CF8D9 /* 12.jpg */,
				0137CCE716E739B3003CF8D9 /* 11.jpg */,
				0137CCE816E739B3003CF8D9 /* 10.jpg */,
				0137CCE916E739B3003CF8D9 /* 9.jpg */,
				0137CCEA16E739B3003CF8D9 /* 8.jpg */,
				0137CCEB16E739B3003CF8D9 /* 7.jpg */,
				0137CCEC16E739B3003CF8D9 /* 6.jpg */,
				0137CCED16E739B3003CF8D9 /* 5.jpg */,
				0137CCEE16E739B3003CF8D9 /* 4.jpg */,
				0137CCEF16E739B3003CF8D9 /* 3.jpg */,
				0137CCF016E739B3003CF8D9 /* 2.jpg */,
				0137CCF116E739B3003CF8D9 /* 1.jpg */,
				0137CCF216E739B3003CF8D9 /* 0.jpg */,
			);
			name = video;
			sourceTree = "<group>";
		};
		0137CD2216E754C0003CF8D9 /* Lib */ = {
			isa = PBXGroup;
			children = (
				E09A58CE169EBBDE0003EC9B /* SDWebImage */,
				E044CD1616C22A0D00A1ADD1 /* BookShelf */,
				E044CD5B16C22A2F00A1ADD1 /* SVProgressHUD */,
			);
			name = Lib;
			sourceTree = "<group>";
		};
		E044CCF616C229FE00A1ADD1 /* resource */ = {
			isa = PBXGroup;
			children = (
				0137CCD416E7399A003CF8D9 /* video */,
				E044CCF716C229FE00A1ADD1 /* auctionInfo_img.png */,
				E044CCF816C229FE00A1ADD1 /* BookShelf */,
				E044CCFE16C229FE00A1ADD1 /* Default-Landscape~ipad.png */,
				E044CCFF16C229FE00A1ADD1 /* Default-Portrait~ipad.png */,
				E044CD0016C229FE00A1ADD1 /* Icon.png */,
				E044CD0116C229FE00A1ADD1 /* Icon@2x.png */,
				E044CD0216C229FE00A1ADD1 /* LOGO.png */,
				E044CD0316C229FE00A1ADD1 /* newbutton.png */,
				E044CD0416C229FE00A1ADD1 /* placeholder.jpg */,
				E044CD0516C229FE00A1ADD1 /* see.png */,
				E044CD0616C229FE00A1ADD1 /* sort.png */,
			);
			path = resource;
			sourceTree = "<group>";
		};
		E044CCF816C229FE00A1ADD1 /* BookShelf */ = {
			isa = PBXGroup;
			children = (
				E044CCF916C229FE00A1ADD1 /* BookShelfCell.png */,
				E044CCFA16C229FE00A1ADD1 /* BookShelfCell@2x.png */,
				E044CCFB16C229FE00A1ADD1 /* BookViewChecked.png */,
				E044CCFC16C229FE00A1ADD1 /* HBookshelfCell@2x.jpg */,
				E044CCFD16C229FE00A1ADD1 /* HBookShelfCell@2x.png */,
			);
			path = BookShelf;
			sourceTree = "<group>";
		};
		E044CD1616C22A0D00A1ADD1 /* BookShelf */ = {
			isa = PBXGroup;
			children = (
				E044CD1716C22A0D00A1ADD1 /* MyBelowBottomView.h */,
				E044CD1816C22A0D00A1ADD1 /* MyBelowBottomView.m */,
				E044CD1916C22A0D00A1ADD1 /* MyBookView.h */,
				E044CD1A16C22A0D00A1ADD1 /* MyBookView.m */,
				E044CD1B16C22A0D00A1ADD1 /* MyCellView.h */,
				E044CD1C16C22A0D00A1ADD1 /* MyCellView.m */,
				E044CD1D16C22A0D00A1ADD1 /* Private */,
				E044CD2216C22A0D00A1ADD1 /* Public */,
				E044CD2716C22A0D00A1ADD1 /* Useles */,
				E044CD3016C22A0D00A1ADD1 /* Utilities */,
			);
			path = BookShelf;
			sourceTree = "<group>";
		};
		E044CD1D16C22A0D00A1ADD1 /* Private */ = {
			isa = PBXGroup;
			children = (
				E044CD1E16C22A0D00A1ADD1 /* GSBookViewContainerView.h */,
				E044CD1F16C22A0D00A1ADD1 /* GSBookViewContainerView.m */,
				E044CD2016C22A0D00A1ADD1 /* GSCellContainerView.h */,
				E044CD2116C22A0D00A1ADD1 /* GSCellContainerView.m */,
			);
			path = Private;
			sourceTree = "<group>";
		};
		E044CD2216C22A0D00A1ADD1 /* Public */ = {
			isa = PBXGroup;
			children = (
				E044CD2316C22A0D00A1ADD1 /* GSBookShelfCell.h */,
				E044CD2416C22A0D00A1ADD1 /* GSBookShelfView.h */,
				E044CD2516C22A0D00A1ADD1 /* GSBookShelfView.m */,
				E044CD2616C22A0D00A1ADD1 /* GSBookView.h */,
			);
			path = Public;
			sourceTree = "<group>";
		};
		E044CD2716C22A0D00A1ADD1 /* Useles */ = {
			isa = PBXGroup;
			children = (
				E044CD2816C22A0D00A1ADD1 /* AboveTopView.h */,
				E044CD2916C22A0D00A1ADD1 /* AboveTopView.m */,
				E044CD2A16C22A0D00A1ADD1 /* BelowBottomView.h */,
				E044CD2B16C22A0D00A1ADD1 /* BelowBottomView.m */,
				E044CD2C16C22A0D00A1ADD1 /* BookShelfCellView.h */,
				E044CD2D16C22A0D00A1ADD1 /* BookShelfCellView.m */,
				E044CD2E16C22A0D00A1ADD1 /* BookView.h */,
				E044CD2F16C22A0D00A1ADD1 /* BookView.m */,
			);
			path = Useles;
			sourceTree = "<group>";
		};
		E044CD3016C22A0D00A1ADD1 /* Utilities */ = {
			isa = PBXGroup;
			children = (
				E044CD3116C22A0D00A1ADD1 /* NSMutableArray+Rearrange.h */,
				E044CD3216C22A0D00A1ADD1 /* NSMutableArray+Rearrange.m */,
				E044CD3316C22A0D00A1ADD1 /* Utilities.h */,
				E044CD3416C22A0D00A1ADD1 /* Utilities.m */,
			);
			path = Utilities;
			sourceTree = "<group>";
		};
		E044CD4116C22A1500A1ADD1 /* Catalog */ = {
			isa = PBXGroup;
			children = (
				E044CD4216C22A1500A1ADD1 /* CatalogView.h */,
				E044CD4316C22A1500A1ADD1 /* CatalogView.m */,
				E044CD4416C22A1500A1ADD1 /* CatalogView.xib */,
				E044CD4516C22A1500A1ADD1 /* CatalogViewController.h */,
				E044CD4616C22A1500A1ADD1 /* CatalogViewController.m */,
				E044CD4716C22A1500A1ADD1 /* CatalogViewController.xib */,
				E044CD4816C22A1500A1ADD1 /* SortViewController.h */,
				E044CD4916C22A1500A1ADD1 /* SortViewController.m */,
				E044CD4A16C22A1500A1ADD1 /* SpecialDescriptionViewController.h */,
				E044CD4B16C22A1500A1ADD1 /* SpecialDescriptionViewController.m */,
				E044CD4C16C22A1500A1ADD1 /* SpecialDescriptionViewController.xib */,
			);
			path = Catalog;
			sourceTree = "<group>";
		};
		E044CD5416C22A2300A1ADD1 /* ScanView */ = {
			isa = PBXGroup;
			children = (
				E044CD5516C22A2300A1ADD1 /* ImageScanViewController.h */,
				E044CD5616C22A2300A1ADD1 /* ImageScanViewController.m */,
			);
			path = ScanView;
			sourceTree = "<group>";
		};
		E044CD5B16C22A2F00A1ADD1 /* SVProgressHUD */ = {
			isa = PBXGroup;
			children = (
				E044CD5C16C22A2F00A1ADD1 /* SVProgressHUD.bundle */,
				E044CD5D16C22A2F00A1ADD1 /* SVProgressHUD.h */,
				E044CD5E16C22A2F00A1ADD1 /* SVProgressHUD.m */,
			);
			path = SVProgressHUD;
			sourceTree = "<group>";
		};
		E044CD6116C22A3900A1ADD1 /* Util */ = {
			isa = PBXGroup;
			children = (
				E044CD6216C22A3900A1ADD1 /* StringUtils.h */,
				E044CD6316C22A3900A1ADD1 /* StringUtils.m */,
				E044CD6416C22A3900A1ADD1 /* Utils.h */,
				E044CD6516C22A3900A1ADD1 /* Utils.m */,
			);
			path = Util;
			sourceTree = "<group>";
		};
		E044CD6616C22A3900A1ADD1 /* VO */ = {
			isa = PBXGroup;
			children = (
				E044CD6716C22A3900A1ADD1 /* RequestVO.h */,
				E044CD6816C22A3900A1ADD1 /* RequestVO.m */,
			);
			path = VO;
			sourceTree = "<group>";
		};
		E044CD6C16C22A5400A1ADD1 /* Main */ = {
			isa = PBXGroup;
			children = (
				E044CD6D16C22A5400A1ADD1 /* ViewController.h */,
				E044CD6E16C22A5400A1ADD1 /* ViewController.m */,
			);
			path = Main;
			sourceTree = "<group>";
		};
		E07E56C2169A9F2F00A8BF60 = {
			isa = PBXGroup;
			children = (
				E07E56D7169A9F3100A8BF60 /* BookReader */,
				E07E56D0169A9F3100A8BF60 /* Frameworks */,
				E07E56CE169A9F3100A8BF60 /* Products */,
			);
			sourceTree = "<group>";
		};
		E07E56CE169A9F3100A8BF60 /* Products */ = {
			isa = PBXGroup;
			children = (
				E07E56CD169A9F3100A8BF60 /* BookReader.app */,
			);
			name = Products;
			sourceTree = "<group>";
		};
		E07E56D0169A9F3100A8BF60 /* Frameworks */ = {
			isa = PBXGroup;
			children = (
				0137CCC416E734D0003CF8D9 /* MediaPlayer.framework */,
				E09A58EE169EBD330003EC9B /* ImageIO.framework */,
				E09A58EC169EBC800003EC9B /* MapKit.framework */,
				E0EF1F63169E87C900085864 /* libz.1.2.5.dylib */,
				E0EF1F61169E87AF00085864 /* MobileCoreServices.framework */,
				E0EF1F5F169E87A200085864 /* SystemConfiguration.framework */,
				E0EF1F5D169E879700085864 /* CFNetwork.framework */,
				E01F2892169C060D0068FB70 /* QuartzCore.framework */,
				E07E56D1169A9F3100A8BF60 /* UIKit.framework */,
				E07E56D3169A9F3100A8BF60 /* Foundation.framework */,
				E07E56D5169A9F3100A8BF60 /* CoreGraphics.framework */,
			);
			name = Frameworks;
			sourceTree = "<group>";
		};
		E07E56D7169A9F3100A8BF60 /* BookReader */ = {
			isa = PBXGroup;
			children = (
				0137CD2216E754C0003CF8D9 /* Lib */,
				0137CCBF16E7341A003CF8D9 /* Video */,
				E044CD6C16C22A5400A1ADD1 /* Main */,
				E044CD6116C22A3900A1ADD1 /* Util */,
				E044CD6616C22A3900A1ADD1 /* VO */,
				E044CD5416C22A2300A1ADD1 /* ScanView */,
				E044CD4116C22A1500A1ADD1 /* Catalog */,
				E044CCF616C229FE00A1ADD1 /* resource */,
				E0D3022B16B21C0100E687E4 /* popover */,
				E07E56E0169A9F3100A8BF60 /* AppDelegate.h */,
				E07E56E1169A9F3100A8BF60 /* AppDelegate.m */,
				E07E56E3169A9F3100A8BF60 /* MainStoryboard.storyboard */,
				E07E56D8169A9F3100A8BF60 /* Supporting Files */,
			);
			path = BookReader;
			sourceTree = "<group>";
		};
		E07E56D8169A9F3100A8BF60 /* Supporting Files */ = {
			isa = PBXGroup;
			children = (
				E07E56D9169A9F3100A8BF60 /* BookReader-Info.plist */,
				E07E56DA169A9F3100A8BF60 /* InfoPlist.strings */,
				E07E56DD169A9F3100A8BF60 /* main.m */,
				E07E56DF169A9F3100A8BF60 /* BookReader-Prefix.pch */,
			);
			name = "Supporting Files";
			sourceTree = "<group>";
		};
		E09A58CE169EBBDE0003EC9B /* SDWebImage */ = {
			isa = PBXGroup;
			children = (
				E09A58CF169EBBDE0003EC9B /* MKAnnotationView+WebCache.h */,
				E09A58D0169EBBDE0003EC9B /* MKAnnotationView+WebCache.m */,
				E09A58D1169EBBDE0003EC9B /* SDImageCache.h */,
				E09A58D2169EBBDE0003EC9B /* SDImageCache.m */,
				E09A58D3169EBBDE0003EC9B /* SDImageCacheDelegate.h */,
				E09A58D4169EBBDE0003EC9B /* SDWebImageCompat.h */,
				E09A58D5169EBBDE0003EC9B /* SDWebImageDecoder.h */,
				E09A58D6169EBBDE0003EC9B /* SDWebImageDecoder.m */,
				E09A58D7169EBBDE0003EC9B /* SDWebImageDownloader.h */,
				E09A58D8169EBBDE0003EC9B /* SDWebImageDownloader.m */,
				E09A58D9169EBBDE0003EC9B /* SDWebImageDownloaderDelegate.h */,
				E09A58DA169EBBDE0003EC9B /* SDWebImageManager.h */,
				E09A58DB169EBBDE0003EC9B /* SDWebImageManager.m */,
				E09A58DC169EBBDE0003EC9B /* SDWebImageManagerDelegate.h */,
				E09A58DD169EBBDE0003EC9B /* SDWebImagePrefetcher.h */,
				E09A58DE169EBBDE0003EC9B /* SDWebImagePrefetcher.m */,
				E09A58DF169EBBDE0003EC9B /* UIButton+WebCache.h */,
				E09A58E0169EBBDE0003EC9B /* UIButton+WebCache.m */,
				E09A58E1169EBBDE0003EC9B /* UIImageView+WebCache.h */,
				E09A58E2169EBBDE0003EC9B /* UIImageView+WebCache.m */,
			);
			path = SDWebImage;
			sourceTree = "<group>";
		};
		E0D3022B16B21C0100E687E4 /* popover */ = {
			isa = PBXGroup;
			children = (
				00817A8916B7D80F005E3B76 /* AuctionPopoverController.h */,
				00817A8A16B7D80F005E3B76 /* AuctionPopoverController.m */,
				00817A8B16B7D80F005E3B76 /* AuctionPopoverController.xib */,
				E0D3022C16B21C0100E687E4 /* MainPopoverViewController.h */,
				E0D3022D16B21C0100E687E4 /* MainPopoverViewController.m */,
			);
			path = popover;
			sourceTree = "<group>";
		};
/* End PBXGroup section */

/* Begin PBXNativeTarget section */
		E07E56CC169A9F3100A8BF60 /* BookReader */ = {
			isa = PBXNativeTarget;
			buildConfigurationList = E07E56EB169A9F3100A8BF60 /* Build configuration list for PBXNativeTarget "BookReader" */;
			buildPhases = (
				E07E56C9169A9F3100A8BF60 /* Sources */,
				E07E56CA169A9F3100A8BF60 /* Frameworks */,
				E07E56CB169A9F3100A8BF60 /* Resources */,
			);
			buildRules = (
			);
			dependencies = (
			);
			name = BookReader;
			productName = BookReader;
			productReference = E07E56CD169A9F3100A8BF60 /* BookReader.app */;
			productType = "com.apple.product-type.application";
		};
/* End PBXNativeTarget section */

/* Begin PBXProject section */
		E07E56C4169A9F2F00A8BF60 /* Project object */ = {
			isa = PBXProject;
			attributes = {
				LastUpgradeCheck = 0430;
			};
			buildConfigurationList = E07E56C7169A9F2F00A8BF60 /* Build configuration list for PBXProject "BookReader" */;
			compatibilityVersion = "Xcode 3.2";
			developmentRegion = English;
			hasScannedForEncodings = 0;
			knownRegions = (
				en,
			);
			mainGroup = E07E56C2169A9F2F00A8BF60;
			productRefGroup = E07E56CE169A9F3100A8BF60 /* Products */;
			projectDirPath = "";
			projectRoot = "";
			targets = (
				E07E56CC169A9F3100A8BF60 /* BookReader */,
			);
		};
/* End PBXProject section */

/* Begin PBXResourcesBuildPhase section */
		E07E56CB169A9F3100A8BF60 /* Resources */ = {
			isa = PBXResourcesBuildPhase;
			buildActionMask = 2147483647;
			files = (
				E07E56DC169A9F3100A8BF60 /* InfoPlist.strings in Resources */,
				E07E56E5169A9F3100A8BF60 /* MainStoryboard.storyboard in Resources */,
				00817A8D16B7D80F005E3B76 /* AuctionPopoverController.xib in Resources */,
				E044CD0716C229FF00A1ADD1 /* auctionInfo_img.png in Resources */,
				E044CD0816C229FF00A1ADD1 /* BookShelfCell.png in Resources */,
				E044CD0916C229FF00A1ADD1 /* BookShelfCell@2x.png in Resources */,
				E044CD0A16C229FF00A1ADD1 /* BookViewChecked.png in Resources */,
				E044CD0B16C229FF00A1ADD1 /* HBookshelfCell@2x.jpg in Resources */,
				E044CD0C16C229FF00A1ADD1 /* HBookShelfCell@2x.png in Resources */,
				E044CD0D16C229FF00A1ADD1 /* Default-Landscape~ipad.png in Resources */,
				E044CD0E16C229FF00A1ADD1 /* Default-Portrait~ipad.png in Resources */,
				E044CD0F16C229FF00A1ADD1 /* Icon.png in Resources */,
				E044CD1016C229FF00A1ADD1 /* Icon@2x.png in Resources */,
				E044CD1116C229FF00A1ADD1 /* LOGO.png in Resources */,
				E044CD1216C229FF00A1ADD1 /* newbutton.png in Resources */,
				E044CD1316C229FF00A1ADD1 /* placeholder.jpg in Resources */,
				E044CD1416C229FF00A1ADD1 /* see.png in Resources */,
				E044CD1516C229FF00A1ADD1 /* sort.png in Resources */,
				E044CD4E16C22A1500A1ADD1 /* CatalogView.xib in Resources */,
				E044CD5016C22A1500A1ADD1 /* CatalogViewController.xib in Resources */,
				E044CD5316C22A1500A1ADD1 /* SpecialDescriptionViewController.xib in Resources */,
				E044CD5F16C22A2F00A1ADD1 /* SVProgressHUD.bundle in Resources */,
				0137CCCA16E7357C003CF8D9 /* VideoListView.xib in Resources */,
				0137CCCF16E735C6003CF8D9 /* VideoViewController.xib in Resources */,
				0137CCF316E739B3003CF8D9 /* 29.jpg in Resources */,
				0137CCF416E739B3003CF8D9 /* 28.jpg in Resources */,
				0137CCF516E739B3003CF8D9 /* 27.jpg in Resources */,
				0137CCF616E739B3003CF8D9 /* 26.jpg in Resources */,
				0137CCF716E739B3003CF8D9 /* 25.jpg in Resources */,
				0137CCF816E739B3003CF8D9 /* 24.jpg in Resources */,
				0137CCF916E739B3003CF8D9 /* 23.jpg in Resources */,
				0137CCFA16E739B3003CF8D9 /* 22.jpg in Resources */,
				0137CCFB16E739B3003CF8D9 /* 21.jpg in Resources */,
				0137CCFC16E739B3003CF8D9 /* 20.jpg in Resources */,
				0137CCFD16E739B3003CF8D9 /* 19.jpg in Resources */,
				0137CCFE16E739B3003CF8D9 /* 18.jpg in Resources */,
				0137CCFF16E739B3003CF8D9 /* 17.jpg in Resources */,
				0137CD0016E739B3003CF8D9 /* 16.jpg in Resources */,
				0137CD0116E739B3003CF8D9 /* 15.jpg in Resources */,
				0137CD0216E739B3003CF8D9 /* 14.jpg in Resources */,
				0137CD0316E739B3003CF8D9 /* 13.jpg in Resources */,
				0137CD0416E739B3003CF8D9 /* 12.jpg in Resources */,
				0137CD0516E739B3003CF8D9 /* 11.jpg in Resources */,
				0137CD0616E739B3003CF8D9 /* 10.jpg in Resources */,
				0137CD0716E739B3003CF8D9 /* 9.jpg in Resources */,
				0137CD0816E739B3003CF8D9 /* 8.jpg in Resources */,
				0137CD0916E739B3003CF8D9 /* 7.jpg in Resources */,
				0137CD0A16E739B3003CF8D9 /* 6.jpg in Resources */,
				0137CD0B16E739B3003CF8D9 /* 5.jpg in Resources */,
				0137CD0C16E739B3003CF8D9 /* 4.jpg in Resources */,
				0137CD0D16E739B3003CF8D9 /* 3.jpg in Resources */,
				0137CD0E16E739B3003CF8D9 /* 2.jpg in Resources */,
				0137CD0F16E739B3003CF8D9 /* 1.jpg in Resources */,
				0137CD1016E739B3003CF8D9 /* 0.jpg in Resources */,
			);
			runOnlyForDeploymentPostprocessing = 0;
		};
/* End PBXResourcesBuildPhase section */

/* Begin PBXSourcesBuildPhase section */
		E07E56C9169A9F3100A8BF60 /* Sources */ = {
			isa = PBXSourcesBuildPhase;
			buildActionMask = 2147483647;
			files = (
				E07E56DE169A9F3100A8BF60 /* main.m in Sources */,
				E07E56E2169A9F3100A8BF60 /* AppDelegate.m in Sources */,
				E09A58E3169EBBDE0003EC9B /* MKAnnotationView+WebCache.m in Sources */,
				E09A58E4169EBBDE0003EC9B /* SDImageCache.m in Sources */,
				E09A58E5169EBBDE0003EC9B /* SDWebImageDecoder.m in Sources */,
				E09A58E6169EBBDE0003EC9B /* SDWebImageDownloader.m in Sources */,
				E09A58E7169EBBDE0003EC9B /* SDWebImageManager.m in Sources */,
				E09A58E8169EBBDE0003EC9B /* SDWebImagePrefetcher.m in Sources */,
				E09A58E9169EBBDE0003EC9B /* UIButton+WebCache.m in Sources */,
				E09A58EA169EBBDE0003EC9B /* UIImageView+WebCache.m in Sources */,
				E0D3022E16B21C0100E687E4 /* MainPopoverViewController.m in Sources */,
				00817A8C16B7D80F005E3B76 /* AuctionPopoverController.m in Sources */,
				E044CD3516C22A0D00A1ADD1 /* MyBelowBottomView.m in Sources */,
				E044CD3616C22A0D00A1ADD1 /* MyBookView.m in Sources */,
				E044CD3716C22A0D00A1ADD1 /* MyCellView.m in Sources */,
				E044CD3816C22A0D00A1ADD1 /* GSBookViewContainerView.m in Sources */,
				E044CD3916C22A0D00A1ADD1 /* GSCellContainerView.m in Sources */,
				E044CD3A16C22A0D00A1ADD1 /* GSBookShelfView.m in Sources */,
				E044CD3B16C22A0D00A1ADD1 /* AboveTopView.m in Sources */,
				E044CD3C16C22A0D00A1ADD1 /* BelowBottomView.m in Sources */,
				E044CD3D16C22A0D00A1ADD1 /* BookShelfCellView.m in Sources */,
				E044CD3E16C22A0D00A1ADD1 /* BookView.m in Sources */,
				E044CD3F16C22A0D00A1ADD1 /* NSMutableArray+Rearrange.m in Sources */,
				E044CD4016C22A0D00A1ADD1 /* Utilities.m in Sources */,
				E044CD4D16C22A1500A1ADD1 /* CatalogView.m in Sources */,
				E044CD4F16C22A1500A1ADD1 /* CatalogViewController.m in Sources */,
				E044CD5116C22A1500A1ADD1 /* SortViewController.m in Sources */,
				E044CD5216C22A1500A1ADD1 /* SpecialDescriptionViewController.m in Sources */,
				E044CD5916C22A2300A1ADD1 /* ImageScanViewController.m in Sources */,
				E044CD6016C22A2F00A1ADD1 /* SVProgressHUD.m in Sources */,
				E044CD6916C22A3900A1ADD1 /* StringUtils.m in Sources */,
				E044CD6A16C22A3900A1ADD1 /* Utils.m in Sources */,
				E044CD6B16C22A3900A1ADD1 /* RequestVO.m in Sources */,
				E044CD6F16C22A5400A1ADD1 /* ViewController.m in Sources */,
				0137CCC316E73465003CF8D9 /* CoverFlowView.m in Sources */,
				0137CCC916E7357C003CF8D9 /* VideoListView.m in Sources */,
				0137CCCE16E735C6003CF8D9 /* VideoViewController.m in Sources */,
			);
			runOnlyForDeploymentPostprocessing = 0;
		};
/* End PBXSourcesBuildPhase section */

/* Begin PBXVariantGroup section */
		E07E56DA169A9F3100A8BF60 /* InfoPlist.strings */ = {
			isa = PBXVariantGroup;
			children = (
				E07E56DB169A9F3100A8BF60 /* en */,
			);
			name = InfoPlist.strings;
			sourceTree = "<group>";
		};
		E07E56E3169A9F3100A8BF60 /* MainStoryboard.storyboard */ = {
			isa = PBXVariantGroup;
			children = (
				E07E56E4169A9F3100A8BF60 /* en */,
			);
			name = MainStoryboard.storyboard;
			sourceTree = "<group>";
		};
/* End PBXVariantGroup section */

/* Begin XCBuildConfiguration section */
		E07E56E9169A9F3100A8BF60 /* Debug */ = {
			isa = XCBuildConfiguration;
			buildSettings = {
				ALWAYS_SEARCH_USER_PATHS = NO;
				ARCHS = "$(ARCHS_STANDARD_32_BIT)";
				CLANG_ENABLE_OBJC_ARC = YES;
				CODE_SIGN_IDENTITY = "iPhone Developer: wen luo (936GGZJC72)";
				"CODE_SIGN_IDENTITY[sdk=iphoneos*]" = "iPhone Developer: wen luo (936GGZJC72)";
				COPY_PHASE_STRIP = NO;
				GCC_C_LANGUAGE_STANDARD = gnu99;
				GCC_DYNAMIC_NO_PIC = NO;
				GCC_OPTIMIZATION_LEVEL = 0;
				GCC_PREPROCESSOR_DEFINITIONS = (
					"DEBUG=1",
					"$(inherited)",
				);
				GCC_SYMBOLS_PRIVATE_EXTERN = NO;
				GCC_VERSION = com.apple.compilers.llvm.clang.1_0;
				GCC_WARN_ABOUT_RETURN_TYPE = YES;
				GCC_WARN_UNINITIALIZED_AUTOS = YES;
				GCC_WARN_UNUSED_VARIABLE = YES;
				HEADER_SEARCH_PATHS = "${SDK_DIR}/usr/include/libxml2/**";
				IPHONEOS_DEPLOYMENT_TARGET = 5.1;
				OTHER_LDFLAGS = "-lxml2";
				PROVISIONING_PROFILE = "82C3D0D6-57F9-437B-97C0-52F8D3FE2A71";
				"PROVISIONING_PROFILE[sdk=iphoneos*]" = "82C3D0D6-57F9-437B-97C0-52F8D3FE2A71";
				SDKROOT = iphoneos;
				TARGETED_DEVICE_FAMILY = 2;
			};
			name = Debug;
		};
		E07E56EA169A9F3100A8BF60 /* Release */ = {
			isa = XCBuildConfiguration;
			buildSettings = {
				ALWAYS_SEARCH_USER_PATHS = NO;
				ARCHS = "$(ARCHS_STANDARD_32_BIT)";
				CLANG_ENABLE_OBJC_ARC = YES;
				CODE_SIGN_IDENTITY = "iPhone Developer: wen luo (936GGZJC72)";
				"CODE_SIGN_IDENTITY[sdk=iphoneos*]" = "iPhone Developer: wen luo (936GGZJC72)";
				COPY_PHASE_STRIP = YES;
				GCC_C_LANGUAGE_STANDARD = gnu99;
				GCC_VERSION = com.apple.compilers.llvm.clang.1_0;
				GCC_WARN_ABOUT_RETURN_TYPE = YES;
				GCC_WARN_UNINITIALIZED_AUTOS = YES;
				GCC_WARN_UNUSED_VARIABLE = YES;
				HEADER_SEARCH_PATHS = "${SDK_DIR}/usr/include/libxml2/**";
				IPHONEOS_DEPLOYMENT_TARGET = 5.1;
				OTHER_CFLAGS = "-DNS_BLOCK_ASSERTIONS=1";
				OTHER_LDFLAGS = "-lxml2";
				PROVISIONING_PROFILE = "82C3D0D6-57F9-437B-97C0-52F8D3FE2A71";
				"PROVISIONING_PROFILE[sdk=iphoneos*]" = "82C3D0D6-57F9-437B-97C0-52F8D3FE2A71";
				SDKROOT = iphoneos;
				TARGETED_DEVICE_FAMILY = 2;
				VALIDATE_PRODUCT = YES;
			};
			name = Release;
		};
		E07E56EC169A9F3100A8BF60 /* Debug */ = {
			isa = XCBuildConfiguration;
			buildSettings = {
				GCC_PRECOMPILE_PREFIX_HEADER = YES;
				GCC_PREFIX_HEADER = "BookReader/BookReader-Prefix.pch";
				INFOPLIST_FILE = "BookReader/BookReader-Info.plist";
				PRODUCT_NAME = "$(TARGET_NAME)";
				WRAPPER_EXTENSION = app;
			};
			name = Debug;
		};
		E07E56ED169A9F3100A8BF60 /* Release */ = {
			isa = XCBuildConfiguration;
			buildSettings = {
				GCC_PRECOMPILE_PREFIX_HEADER = YES;
				GCC_PREFIX_HEADER = "BookReader/BookReader-Prefix.pch";
				INFOPLIST_FILE = "BookReader/BookReader-Info.plist";
				PRODUCT_NAME = "$(TARGET_NAME)";
				WRAPPER_EXTENSION = app;
			};
			name = Release;
		};
/* End XCBuildConfiguration section */

/* Begin XCConfigurationList section */
		E07E56C7169A9F2F00A8BF60 /* Build configuration list for PBXProject "BookReader" */ = {
			isa = XCConfigurationList;
			buildConfigurations = (
				E07E56E9169A9F3100A8BF60 /* Debug */,
				E07E56EA169A9F3100A8BF60 /* Release */,
			);
			defaultConfigurationIsVisible = 0;
			defaultConfigurationName = Release;
		};
		E07E56EB169A9F3100A8BF60 /* Build configuration list for PBXNativeTarget "BookReader" */ = {
			isa = XCConfigurationList;
			buildConfigurations = (
				E07E56EC169A9F3100A8BF60 /* Debug */,
				E07E56ED169A9F3100A8BF60 /* Release */,
			);
			defaultConfigurationIsVisible = 0;
			defaultConfigurationName = Release;
		};
/* End XCConfigurationList section */
	};
	rootObject = E07E56C4169A9F2F00A8BF60 /* Project object */;
}
